
Microsoft Visual Studio Solution File, Format Version 11.00
# Visual Basic Express 2010
Project("{F184B08F-C81C-45F6-A57F-5ABD9991F28F}") = "Problemas Praticos 1.4", "Problemas Praticos 1.4\Problemas Praticos 1.4.vbproj", "{8A898729-4020-48A2-8FD1-F05F2A89D561}"
EndProject
Global
	GlobalSection(SolutionConfigurationPlatforms) = preSolution
		Debug|x86 = Debug|x86
		Release|x86 = Release|x86
	EndGlobalSection
	GlobalSection(ProjectConfigurationPlatforms) = postSolution
		{8A898729-4020-48A2-8FD1-F05F2A89D561}.Debug|x86.ActiveCfg = Debug|x86
		{8A898729-4020-48A2-8FD1-F05F2A89D561}.Debug|x86.Build.0 = Debug|x86
		{8A898729-4020-48A2-8FD1-F05F2A89D561}.Release|x86.ActiveCfg = Release|x86
		{8A898729-4020-48A2-8FD1-F05F2A89D561}.Release|x86.Build.0 = Release|x86
	EndGlobalSection
	GlobalSection(SolutionProperties) = preSolution
		HideSolutionNode = FALSE
	EndGlobalSection
EndGlobal
